
Microsoft Visual Studio Solution File, Format Version 12.00
# Visual Studio 15
VisualStudioVersion = 15.0.26730.15
MinimumVisualStudioVersion = 10.0.40219.1
Project("{FAE04EC0-301F-11D3-BF4B-00C04F79EFBC}") = "SmartRefrigerator", "SmartRefrigerator\SmartRefrigerator.csproj", "{16576273-BC88-44CE-AD5F-454403E728C6}"
EndProject
Project("{FAE04EC0-301F-11D3-BF4B-00C04F79EFBC}") = "SmartRefrigeratorTest", "SmartRefrigeratorTest\SmartRefrigeratorTest.csproj", "{4BDA8496-A7FA-4B11-9CED-43B078227BD2}"
EndProject
Project("{FAE04EC0-301F-11D3-BF4B-00C04F79EFBC}") = "XUnitTestProject1", "XUnitTestProject1\XUnitTestProject1.csproj", "{74A053F3-20C0-4237-89AA-56C5BD2611E6}"
EndProject
Global
	GlobalSection(SolutionConfigurationPlatforms) = preSolution
		Debug|Any CPU = Debug|Any CPU
		Release|Any CPU = Release|Any CPU
	EndGlobalSection
	GlobalSection(ProjectConfigurationPlatforms) = postSolution
		{16576273-BC88-44CE-AD5F-454403E728C6}.Debug|Any CPU.ActiveCfg = Debug|Any CPU
		{16576273-BC88-44CE-AD5F-454403E728C6}.Debug|Any CPU.Build.0 = Debug|Any CPU
		{16576273-BC88-44CE-AD5F-454403E728C6}.Release|Any CPU.ActiveCfg = Release|Any CPU
		{16576273-BC88-44CE-AD5F-454403E728C6}.Release|Any CPU.Build.0 = Release|Any CPU
		{4BDA8496-A7FA-4B11-9CED-43B078227BD2}.Debug|Any CPU.ActiveCfg = Debug|Any CPU
		{4BDA8496-A7FA-4B11-9CED-43B078227BD2}.Debug|Any CPU.Build.0 = Debug|Any CPU
		{4BDA8496-A7FA-4B11-9CED-43B078227BD2}.Release|Any CPU.ActiveCfg = Release|Any CPU
		{4BDA8496-A7FA-4B11-9CED-43B078227BD2}.Release|Any CPU.Build.0 = Release|Any CPU
		{74A053F3-20C0-4237-89AA-56C5BD2611E6}.Debug|Any CPU.ActiveCfg = Debug|Any CPU
		{74A053F3-20C0-4237-89AA-56C5BD2611E6}.Debug|Any CPU.Build.0 = Debug|Any CPU
		{74A053F3-20C0-4237-89AA-56C5BD2611E6}.Release|Any CPU.ActiveCfg = Release|Any CPU
		{74A053F3-20C0-4237-89AA-56C5BD2611E6}.Release|Any CPU.Build.0 = Release|Any CPU
	EndGlobalSection
	GlobalSection(SolutionProperties) = preSolution
		HideSolutionNode = FALSE
	EndGlobalSection
	GlobalSection(ExtensibilityGlobals) = postSolution
		SolutionGuid = {08DB0941-028C-4FE6-9660-AC216CD99CAA}
	EndGlobalSection
EndGlobal
